// !$*UTF8*$!
{
	archiveVersion = 1;
	classes = {
	};
	objectVersion = 50;
	objects = {

/* Begin PBXBuildFile section */
		2917B10B2448D0190083E105 /* AppDelegate.swift in Sources */ = {isa = PBXBuildFile; fileRef = 2917B10A2448D0190083E105 /* AppDelegate.swift */; };
		2917B10D2448D0190083E105 /* SceneDelegate.swift in Sources */ = {isa = PBXBuildFile; fileRef = 2917B10C2448D0190083E105 /* SceneDelegate.swift */; };
		2917B10F2448D0190083E105 /* ViewController.swift in Sources */ = {isa = PBXBuildFile; fileRef = 2917B10E2448D0190083E105 /* ViewController.swift */; };
		2917B1122448D0190083E105 /* Main.storyboard in Resources */ = {isa = PBXBuildFile; fileRef = 2917B1102448D0190083E105 /* Main.storyboard */; };
		2917B1142448D01B0083E105 /* Assets.xcassets in Resources */ = {isa = PBXBuildFile; fileRef = 2917B1132448D01B0083E105 /* Assets.xcassets */; };
		2917B1172448D01B0083E105 /* LaunchScreen.storyboard in Resources */ = {isa = PBXBuildFile; fileRef = 2917B1152448D01B0083E105 /* LaunchScreen.storyboard */; };
		2917B11F2448D02D0083E105 /* pokemon.csv in Resources */ = {isa = PBXBuildFile; fileRef = 2917B11E2448D02D0083E105 /* pokemon.csv */; };
/* End PBXBuildFile section */

/* Begin PBXFileReference section */
		2917B1072448D0190083E105 /* pokedex.app */ = {isa = PBXFileReference; explicitFileType = wrapper.application; includeInIndex = 0; path = pokedex.app; sourceTree = BUILT_PRODUCTS_DIR; };
		2917B10A2448D0190083E105 /* AppDelegate.swift */ = {isa = PBXFileReference; lastKnownFileType = sourcecode.swift; path = AppDelegate.swift; sourceTree = "<group>"; };
		2917B10C2448D0190083E105 /* SceneDelegate.swift */ = {isa = PBXFileReference; lastKnownFileType = sourcecode.swift; path = SceneDelegate.swift; sourceTree = "<group>"; };
		2917B10E2448D0190083E105 /* ViewController.swift */ = {isa = PBXFileReference; lastKnownFileType = sourcecode.swift; path = ViewController.swift; sourceTree = "<group>"; };
		2917B1112448D0190083E105 /* Base */ = {isa = PBXFileReference; lastKnownFileType = file.storyboard; name = Base; path = Base.lproj/Main.storyboard; sourceTree = "<group>"; };
		2917B1132448D01B0083E105 /* Assets.xcassets */ = {isa = PBXFileReference; lastKnownFileType = folder.assetcatalog; path = Assets.xcassets; sourceTree = "<group>"; };
		2917B1162448D01B0083E105 /* Base */ = {isa = PBXFileReference; lastKnownFileType = file.storyboard; name = Base; path = Base.lproj/LaunchScreen.storyboard; sourceTree = "<group>"; };
		2917B1182448D01B0083E105 /* Info.plist */ = {isa = PBXFileReference; lastKnownFileType = text.plist.xml; path = Info.plist; sourceTree = "<group>"; };
		2917B11E2448D02D0083E105 /* pokemon.csv */ = {isa = PBXFileReference; fileEncoding = 4; lastKnownFileType = text; name = pokemon.csv; path = ../../../../Downloads/pokemon.csv; sourceTree = "<group>"; };
/* End PBXFileReference section */

/* Begin PBXFrameworksBuildPhase section */
		2917B1042448D0190083E105 /* Frameworks */ = {
			isa = PBXFrameworksBuildPhase;
			buildActionMask = 2147483647;
			files = (
			);
			runOnlyForDeploymentPostprocessing = 0;
		};
/* End PBXFrameworksBuildPhase section */

/* Begin PBXGroup section */
		2917B0FE2448D0190083E105 = {
			isa = PBXGroup;
			children = (
				2917B1092448D0190083E105 /* pokedex */,
				2917B1082448D0190083E105 /* Products */,
			);
			sourceTree = "<group>";
		};
		2917B1082448D0190083E105 /* Products */ = {
			isa = PBXGroup;
			children = (
				2917B1072448D0190083E105 /* pokedex.app */,
			);
			name = Products;
			sourceTree = "<group>";
		};
		2917B1092448D0190083E105 /* pokedex */ = {
			isa = PBXGroup;
			children = (
				2917B10A2448D0190083E105 /* AppDelegate.swift */,
				2917B10C2448D0190083E105 /* SceneDelegate.swift */,
				2917B10E2448D0190083E105 /* ViewController.swift */,
				2917B1102448D0190083E105 /* Main.storyboard */,
				2917B1132448D01B0083E105 /* Assets.xcassets */,
				2917B1152448D01B0083E105 /* LaunchScreen.storyboard */,
				2917B11E2448D02D0083E105 /* pokemon.csv */,
				2917B1182448D01B0083E105 /* Info.plist */,
			);
			path = pokedex;
			sourceTree = "<group>";
		};
/* End PBXGroup section */

/* Begin PBXNativeTarget section */
		2917B1062448D0190083E105 /* pokedex */ = {
			isa = PBXNativeTarget;
			buildConfigurationList = 2917B11B2448D01B0083E105 /* Build configuration list for PBXNativeTarget "pokedex" */;
			buildPhases = (
				2917B1032448D0190083E105 /* Sources */,
				2917B1042448D0190083E105 /* Frameworks */,
				2917B1052448D0190083E105 /* Resources */,
			);
			buildRules = (
			);
			dependencies = (
			);
			name = pokedex;
			productName = pokedex;
			productReference = 2917B1072448D0190083E105 /* pokedex.app */;
			productType = "com.apple.product-type.application";
		};
/* End PBXNativeTarget section */

/* Begin PBXProject section */
		2917B0FF2448D0190083E105 /* Project object */ = {
			isa = PBXProject;
			attributes = {
				LastSwiftUpdateCheck = 1140;
				LastUpgradeCheck = 1140;
				ORGANIZATIONNAME = "Jose Monge";
				TargetAttributes = {
					2917B1062448D0190083E105 = {
						CreatedOnToolsVersion = 11.4.1;
					};
				};
			};
			buildConfigurationList = 2917B1022448D0190083E105 /* Build configuration list for PBXProject "pokedex" */;
			compatibilityVersion = "Xcode 9.3";
			developmentRegion = en;
			hasScannedForEncodings = 0;
			knownRegions = (
				en,
				Base,
			);
			mainGroup = 2917B0FE2448D0190083E105;
			productRefGroup = 2917B1082448D0190083E105 /* Products */;
			projectDirPath = "";
			projectRoot = "";
			targets = (
				2917B1062448D0190083E105 /* pokedex */,
			);
		};
/* End PBXProject section */

/* Begin PBXResourcesBuildPhase section */
		2917B1052448D0190083E105 /* Resources */ = {
			isa = PBXResourcesBuildPhase;
			buildActionMask = 2147483647;
			files = (
				2917B1172448D01B0083E105 /* LaunchScreen.storyboard in Resources */,
				2917B1142448D01B0083E105 /* Assets.xcassets in Resources */,
				2917B11F2448D02D0083E105 /* pokemon.csv in Resources */,
				2917B1122448D0190083E105 /* Main.storyboard in Resources */,
			);
			runOnlyForDeploymentPostprocessing = 0;
		};
/* End PBXResourcesBuildPhase section */

/* Begin PBXSourcesBuildPhase section */
		2917B1032448D0190083E105 /* Sources */ = {
			isa = PBXSourcesBuildPhase;
			buildActionMask = 2147483647;
			files = (
				2917B10F2448D0190083E105 /* ViewController.swift in Sources */,
				2917B10B2448D0190083E105 /* AppDelegate.swift in Sources */,
				2917B10D2448D0190083E105 /* SceneDelegate.swift in Sources */,
			);
			runOnlyForDeploymentPostprocessing = 0;
		};
/* End PBXSourcesBuildPhase section */

/* Begin PBXVariantGroup section */
		2917B1102448D0190083E105 /* Main.storyboard */ = {
			isa = PBXVariantGroup;
			children = (
				2917B1112448D0190083E105 /* Base */,
			);
			name = Main.storyboard;
			sourceTree = "<group>";
		};
		2917B1152448D01B0083E105 /* LaunchScreen.storyboard */ = {
			isa = PBXVariantGroup;
			children = (
				2917B1162448D01B0083E105 /* Base */,
			);
			name = LaunchScreen.storyboard;
			sourceTree = "<group>";
		};
/* End PBXVariantGroup section */

/* Begin XCBuildConfiguration section */
		2917B1192448D01B0083E105 /* Debug */ = {
			isa = XCBuildConfiguration;
			buildSettings = {
				ALWAYS_SEARCH_USER_PATHS = NO;
				CLANG_ANALYZER_NONNULL = YES;
				CLANG_ANALYZER_NUMBER_OBJECT_CONVERSION = YES_AGGRESSIVE;
				CLANG_CXX_LANGUAGE_STANDARD = "gnu++14";
				CLANG_CXX_LIBRARY = "libc++";
				CLANG_ENABLE_MODULES = YES;
				CLANG_ENABLE_OBJC_ARC = YES;
				CLANG_ENABLE_OBJC_WEAK = YES;
				CLANG_WARN_BLOCK_CAPTURE_AUTORELEASING = YES;
				CLANG_WARN_BOOL_CONVERSION = YES;
				CLANG_WARN_COMMA = YES;
				CLANG_WARN_CONSTANT_CONVERSION = YES;
				CLANG_WARN_DEPRECATED_OBJC_IMPLEMENTATIONS = YES;
				CLANG_WARN_DIRECT_OBJC_ISA_USAGE = YES_ERROR;
				CLANG_WARN_DOCUMENTATION_COMMENTS = YES;
				CLANG_WARN_EMPTY_BODY = YES;
				CLANG_WARN_ENUM_CONVERSION = YES;
				CLANG_WARN_INFINITE_RECURSION = YES;
				CLANG_WARN_INT_CONVERSION = YES;
				CLANG_WARN_NON_LITERAL_NULL_CONVERSION = YES;
				CLANG_WARN_OBJC_IMPLICIT_RETAIN_SELF = YES;
				CLANG_WARN_OBJC_LITERAL_CONVERSION = YES;
				CLANG_WARN_OBJC_ROOT_CLASS = YES_ERROR;
				CLANG_WARN_RANGE_LOOP_ANALYSIS = YES;
				CLANG_WARN_STRICT_PROTOTYPES = YES;
				CLANG_WARN_SUSPICIOUS_MOVE = YES;
				CLANG_WARN_UNGUARDED_AVAILABILITY = YES_AGGRESSIVE;
				CLANG_WARN_UNREACHABLE_CODE = YES;
				CLANG_WARN__DUPLICATE_METHOD_MATCH = YES;
				COPY_PHASE_STRIP = NO;
				DEBUG_INFORMATION_FORMAT = dwarf;
				ENABLE_STRICT_OBJC_MSGSEND = YES;
				ENABLE_TESTABILITY = YES;
				GCC_C_LANGUAGE_STANDARD = gnu11;
				GCC_DYNAMIC_NO_PIC = NO;
				GCC_NO_COMMON_BLOCKS = YES;
				GCC_OPTIMIZATION_LEVEL = 0;
				GCC_PREPROCESSOR_DEFINITIONS = (
					"DEBUG=1",
					"$(inherited)",
				);
				GCC_WARN_64_TO_32_BIT_CONVERSION = YES;
				GCC_WARN_ABOUT_RETURN_TYPE = YES_ERROR;
				GCC_WARN_UNDECLARED_SELECTOR = YES;
				GCC_WARN_UNINITIALIZED_AUTOS = YES_AGGRESSIVE;
				GCC_WARN_UNUSED_FUNCTION = YES;
				GCC_WARN_UNUSED_VARIABLE = YES;
				IPHONEOS_DEPLOYMENT_TARGET = 13.4;
				MTL_ENABLE_DEBUG_INFO = INCLUDE_SOURCE;
				MTL_FAST_MATH = YES;
				ONLY_ACTIVE_ARCH = YES;
				SDKROOT = iphoneos;
				SWIFT_ACTIVE_COMPILATION_CONDITIONS = DEBUG;
				SWIFT_OPTIMIZATION_LEVEL = "-Onone";
			};
			name = Debug;
		};
		2917B11A2448D01B0083E105 /* Release */ = {
			isa = XCBuildConfiguration;
			buildSettings = {
				ALWAYS_SEARCH_USER_PATHS = NO;
				CLANG_ANALYZER_NONNULL = YES;
				CLANG_ANALYZER_NUMBER_OBJECT_CONVERSION = YES_AGGRESSIVE;
				CLANG_CXX_LANGUAGE_STANDARD = "gnu++14";
				CLANG_CXX_LIBRARY = "libc++";
				CLANG_ENABLE_MODULES = YES;
				CLANG_ENABLE_OBJC_ARC = YES;
				CLANG_ENABLE_OBJC_WEAK = YES;
				CLANG_WARN_BLOCK_CAPTURE_AUTORELEASING = YES;
				CLANG_WARN_BOOL_CONVERSION = YES;
				CLANG_WARN_COMMA = YES;
				CLANG_WARN_CONSTANT_CONVERSION = YES;
				CLANG_WARN_DEPRECATED_OBJC_IMPLEMENTATIONS = YES;
				CLANG_WARN_DIRECT_OBJC_ISA_USAGE = YES_ERROR;
				CLANG_WARN_DOCUMENTATION_COMMENTS = YES;
				CLANG_WARN_EMPTY_BODY = YES;
				CLANG_WARN_ENUM_CONVERSION = YES;
				CLANG_WARN_INFINITE_RECURSION = YES;
				CLANG_WARN_INT_CONVERSION = YES;
				CLANG_WARN_NON_LITERAL_NULL_CONVERSION = YES;
				CLANG_WARN_OBJC_IMPLICIT_RETAIN_SELF = YES;
				CLANG_WARN_OBJC_LITERAL_CONVERSION = YES;
				CLANG_WARN_OBJC_ROOT_CLASS = YES_ERROR;
				CLANG_WARN_RANGE_LOOP_ANALYSIS = YES;
				CLANG_WARN_STRICT_PROTOTYPES = YES;
				CLANG_WARN_SUSPICIOUS_MOVE = YES;
				CLANG_WARN_UNGUARDED_AVAILABILITY = YES_AGGRESSIVE;
				CLANG_WARN_UNREACHABLE_CODE = YES;
				CLANG_WARN__DUPLICATE_METHOD_MATCH = YES;
				COPY_PHASE_STRIP = NO;
				DEBUG_INFORMATION_FORMAT = "dwarf-with-dsym";
				ENABLE_NS_ASSERTIONS = NO;
				ENABLE_STRICT_OBJC_MSGSEND = YES;
				GCC_C_LANGUAGE_STANDARD = gnu11;
				GCC_NO_COMMON_BLOCKS = YES;
				GCC_WARN_64_TO_32_BIT_CONVERSION = YES;
				GCC_WARN_ABOUT_RETURN_TYPE = YES_ERROR;
				GCC_WARN_UNDECLARED_SELECTOR = YES;
				GCC_WARN_UNINITIALIZED_AUTOS = YES_AGGRESSIVE;
				GCC_WARN_UNUSED_FUNCTION = YES;
				GCC_WARN_UNUSED_VARIABLE = YES;
				IPHONEOS_DEPLOYMENT_TARGET = 13.4;
				MTL_ENABLE_DEBUG_INFO = NO;
				MTL_FAST_MATH = YES;
				SDKROOT = iphoneos;
				SWIFT_COMPILATION_MODE = wholemodule;
				SWIFT_OPTIMIZATION_LEVEL = "-O";
				VALIDATE_PRODUCT = YES;
			};
			name = Release;
		};
		2917B11C2448D01B0083E105 /* Debug */ = {
			isa = XCBuildConfiguration;
			buildSettings = {
				ASSETCATALOG_COMPILER_APPICON_NAME = AppIcon;
				CODE_SIGN_STYLE = Automatic;
				DEVELOPMENT_TEAM = 86ZEDM223G;
				INFOPLIST_FILE = pokedex/Info.plist;
				LD_RUNPATH_SEARCH_PATHS = (
					"$(inherited)",
					"@executable_path/Frameworks",
				);
				PRODUCT_BUNDLE_IDENTIFIER = com.pamobo0609.pokedex;
				PRODUCT_NAME = "$(TARGET_NAME)";
				SWIFT_VERSION = 5.0;
				TARGETED_DEVICE_FAMILY = "1,2";
			};
			name = Debug;
		};
		2917B11D2448D01B0083E105 /* Release */ = {
			isa = XCBuildConfiguration;
			buildSettings = {
				ASSETCATALOG_COMPILER_APPICON_NAME = AppIcon;
				CODE_SIGN_STYLE = Automatic;
				DEVELOPMENT_TEAM = 86ZEDM223G;
				INFOPLIST_FILE = pokedex/Info.plist;
				LD_RUNPATH_SEARCH_PATHS = (
					"$(inherited)",
					"@executable_path/Frameworks",
				);
				PRODUCT_BUNDLE_IDENTIFIER = com.pamobo0609.pokedex;
				PRODUCT_NAME = "$(TARGET_NAME)";
				SWIFT_VERSION = 5.0;
				TARGETED_DEVICE_FAMILY = "1,2";
			};
			name = Release;
		};
/* End XCBuildConfiguration section */

/* Begin XCConfigurationList section */
		2917B1022448D0190083E105 /* Build configuration list for PBXProject "pokedex" */ = {
			isa = XCConfigurationList;
			buildConfigurations = (
				2917B1192448D01B0083E105 /* Debug */,
				2917B11A2448D01B0083E105 /* Release */,
			);
			defaultConfigurationIsVisible = 0;
			defaultConfigurationName = Release;
		};
		2917B11B2448D01B0083E105 /* Build configuration list for PBXNativeTarget "pokedex" */ = {
			isa = XCConfigurationList;
			buildConfigurations = (
				2917B11C2448D01B0083E105 /* Debug */,
				2917B11D2448D01B0083E105 /* Release */,
			);
			defaultConfigurationIsVisible = 0;
			defaultConfigurationName = Release;
		};
/* End XCConfigurationList section */
	};
	rootObject = 2917B0FF2448D0190083E105 /* Project object */;
}
